{
    "name": "@dummy-test-package/test-esm",
    "version": "0.0.0",
    "lockfileVersion": 3,
    "requires": true,
    "packages": {
        "": {
            "name": "@dummy-test-package/test-esm",
            "version": "0.0.0",
            "dependencies": {
                "@hanseltime/pkgtest": "${localPathVersion}",
                "get-tsconfig": "^4.10.0",
                "type-fest": "^4.35.0"
            }
        },
        "${relPathToProject}": {
            "name": "@hanseltime/pkgtest",
            "version": "1.2.0",
            "dependencies": {
                "@inquirer/prompts": "^7.3.2",
                "chalk": "^5.4.1",
                "commander": "^13.1.0",
                "js-yaml": "^4.1.0",
                "lodash.camelcase": "^4.3.0",
                "micromatch": "^4.0.8",
                "semver": "^7.7.1",
                "zod": "^3.24.1",
                "zod-validation-error": "^3.4.0"
            },
            "bin": {
                "pkgtest": "dist/esm/bin/pkgtest.mjs",
                "pkgtest-clean": "dist/esm/bin/clean.mjs"
            },
            "devDependencies": {
                "@babel/cli": "^7.26.4",
                "@babel/core": "^7.26.7",
                "@babel/plugin-transform-modules-commonjs": "^7.26.3",
                "@biomejs/biome": "1.9.4",
                "@commitlint/config-angular": "^18.4.3",
                "@hanseltime/esm-interop-tools": "^1.0.1",
                "@hanseltime/swc-plugin-node-globals-inject": "^1.0.0",
                "@rspack/cli": "^1.1.6",
                "@rspack/core": "^1.1.6",
                "@semantic-release/changelog": "^6.0.3",
                "@semantic-release/exec": "^7.0.3",
                "@semantic-release/git": "^10.0.1",
                "@swc/cli": "^0.5.2",
                "@swc/core": "^1.10.12",
                "@swc/jest": "^0.2.37",
                "@types/babel__core": "^7",
                "@types/jest": "^29.5.11",
                "@types/js-yaml": "^4",
                "@types/lodash.camelcase": "^4",
                "@types/micromatch": "^4.0.9",
                "@types/node": "^18.11.18",
                "@types/semver": "^7",
                "babel-preset-jest": "^29.6.3",
                "commitlint": "^18.4.3",
                "get-tsconfig": "^4.10.0",
                "husky": "^9.1.7",
                "jest": "^29.7.0",
                "jest-chain-transform": "^0.0.8",
                "pinst": "^3.0.0",
                "semantic-release": "^22.0.12",
                "ts-jest": "^29.1.1",
                "tswc": "^1.4.0",
                "tsx": "^4.19.2",
                "type-fest": "^4.35.0",
                "typedoc": "^0.27.6",
                "typedoc-plugin-markdown": "^4.4.1",
                "typescript": "^5.7.3"
            },
            "engines": {
                "node": ">=18"
            },
            "peerDependencies": {
                "get-tsconfig": "^4.10.0",
                "type-fest": "^4.35.0"
            }
        },
        "node_modules/@hanseltime/pkgtest": {
            "resolved": "${relPathToProject}",
            "link": true
        },
        "node_modules/get-tsconfig": {
            "version": "4.10.0",
            "resolved": "https://registry.npmjs.org/get-tsconfig/-/get-tsconfig-4.10.0.tgz",
            "integrity": "sha512-kGzZ3LWWQcGIAmg6iWvXn0ei6WDtV26wzHRMwDSzmAbcXrTEXxHy6IehI6/4eT6VRKyMP1eF1VqwrVUmE/LR7A==",
            "license": "MIT",
            "dependencies": {
                "resolve-pkg-maps": "^1.0.0"
            },
            "funding": {
                "url": "https://github.com/privatenumber/get-tsconfig?sponsor=1"
            }
        },
        "node_modules/resolve-pkg-maps": {
            "version": "1.0.0",
            "resolved": "https://registry.npmjs.org/resolve-pkg-maps/-/resolve-pkg-maps-1.0.0.tgz",
            "integrity": "sha512-seS2Tj26TBVOC2NIc2rOe2y2ZO7efxITtLZcGSOnHHNOQ7CkiUBfw0Iw2ck6xkIhPwLhKNLS8BO+hEpngQlqzw==",
            "license": "MIT",
            "funding": {
                "url": "https://github.com/privatenumber/resolve-pkg-maps?sponsor=1"
            }
        },
        "node_modules/type-fest": {
            "version": "4.35.0",
            "resolved": "https://registry.npmjs.org/type-fest/-/type-fest-4.35.0.tgz",
            "integrity": "sha512-2/AwEFQDFEy30iOLjrvHDIH7e4HEWH+f1Yl1bI5XMqzuoCUqwYCdxachgsgv0og/JdVZUhbfjcJAoHj5L1753A==",
            "license": "(MIT OR CC0-1.0)",
            "engines": {
                "node": ">=16"
            },
            "funding": {
                "url": "https://github.com/sponsors/sindresorhus"
            }
        }
    }
}
